{
  "nodes": {
    "direnv-nvim": {
      "flake": false,
      "locked": {
        "lastModified": 1769498531,
        "narHash": "sha256-TlQ3oTRirUf/Po1KWCL4wDp8GgrJXzYWQx0C5qyZFeQ=",
        "owner": "NotAShelf",
        "repo": "direnv.nvim",
        "rev": "9e58bb5e8db19d8bf2626de8e94a85fc305a8c1e",
        "type": "github"
      },
      "original": {
        "owner": "NotAShelf",
        "repo": "direnv.nvim",
        "type": "github"
      }
    },
    "flake-compat": {
      "flake": false,
      "locked": {
        "lastModified": 1761588595,
        "narHash": "sha256-XKUZz9zewJNUj46b4AJdiRZJAvSZ0Dqj2BNfXvFlJC4=",
        "owner": "edolstra",
        "repo": "flake-compat",
        "rev": "f387cd2afec9419c8ee37694406ca490c3f34ee5",
        "type": "github"
      },
      "original": {
        "owner": "edolstra",
        "repo": "flake-compat",
        "type": "github"
      }
    },
    "flake-parts": {
      "inputs": {
        "nixpkgs-lib": [
          "neovim-nightly-overlay",
          "nixpkgs"
        ]
      },
      "locked": {
        "lastModified": 1769996383,
        "narHash": "sha256-AnYjnFWgS49RlqX7LrC4uA+sCCDBj0Ry/WOJ5XWAsa0=",
        "owner": "hercules-ci",
        "repo": "flake-parts",
        "rev": "57928607ea566b5db3ad13af0e57e921e6b12381",
        "type": "github"
      },
      "original": {
        "owner": "hercules-ci",
        "repo": "flake-parts",
        "type": "github"
      }
    },
    "gitignore": {
      "inputs": {
        "nixpkgs": [
          "worktrees-nvim",
          "pre-commit-hooks",
          "nixpkgs"
        ]
      },
      "locked": {
        "lastModified": 1709087332,
        "narHash": "sha256-HG2cCnktfHsKV0s4XW83gU3F57gaTljL9KNSuG6bnQs=",
        "owner": "hercules-ci",
        "repo": "gitignore.nix",
        "rev": "637db329424fd7e46cf4185293b9cc8c88c95394",
        "type": "github"
      },
      "original": {
        "owner": "hercules-ci",
        "repo": "gitignore.nix",
        "type": "github"
      }
    },
    "hunk-nvim": {
      "flake": false,
      "locked": {
        "lastModified": 1763143018,
        "narHash": "sha256-GvqD9IggdhZUCzm1BF2yz215AYpJujfOtrJPye4M1O0=",
        "owner": "julienvincent",
        "repo": "hunk.nvim",
        "rev": "029566b4414f79508e6763a80ab6c7eda4a6dd97",
        "type": "github"
      },
      "original": {
        "owner": "julienvincent",
        "repo": "hunk.nvim",
        "type": "github"
      }
    },
    "jj-nvim": {
      "flake": false,
      "locked": {
        "lastModified": 1771004667,
        "narHash": "sha256-G7ksxOJJmQeTbsdAYddSFWUs9kyW/nIL4mv0F3FiXAI=",
        "owner": "nicolasgb",
        "repo": "jj.nvim",
        "rev": "3d78c28f7e26d5c87f53e66e05a1393e6ca9fec2",
        "type": "github"
      },
      "original": {
        "owner": "nicolasgb",
        "repo": "jj.nvim",
        "type": "github"
      }
    },
    "lzn-auto-require": {
      "flake": false,
      "locked": {
        "lastModified": 1731009353,
        "narHash": "sha256-KC1z+zC9vKODllZVpBu+udzM12oYJaS8e6LdXWtQ89U=",
        "owner": "horriblename",
        "repo": "lzn-auto-require",
        "rev": "ef746afb55467984ef3200d9709c8059ee0257d0",
        "type": "github"
      },
      "original": {
        "owner": "horriblename",
        "repo": "lzn-auto-require",
        "type": "github"
      }
    },
    "mnw": {
      "locked": {
        "lastModified": 1771285028,
        "narHash": "sha256-mR8GDvGPu1QcI5Ft5lV2CIIh5Og7zRylts+XY3fa/K4=",
        "owner": "Gerg-L",
        "repo": "mnw",
        "rev": "6bd6ab9968c2432c78db4a91c9b1e84dd84fe6b3",
        "type": "github"
      },
      "original": {
        "owner": "Gerg-L",
        "repo": "mnw",
        "type": "github"
      }
    },
    "neovim-nightly-overlay": {
      "inputs": {
        "flake-parts": "flake-parts",
        "neovim-src": "neovim-src",
        "nixpkgs": [
          "nixpkgs"
        ]
      },
      "locked": {
        "lastModified": 1771373098,
        "narHash": "sha256-QbqVr1nPO2YKd5jwQ3XGdDBgKdNO7PkHuWmwm1Xb0W8=",
        "owner": "nix-community",
        "repo": "neovim-nightly-overlay",
        "rev": "3a8cfad64aeeaea6147d4443f15f56549f32d60c",
        "type": "github"
      },
      "original": {
        "owner": "nix-community",
        "repo": "neovim-nightly-overlay",
        "type": "github"
      }
    },
    "neovim-src": {
      "flake": false,
      "locked": {
        "lastModified": 1771351969,
        "narHash": "sha256-AvX9xpjcgWCarffnNYvkdVO5HpEPKpnDwDgIHYp93tk=",
        "owner": "neovim",
        "repo": "neovim",
        "rev": "29a46a11aa0820e4efcad80a2dfb9ca600924f58",
        "type": "github"
      },
      "original": {
        "owner": "neovim",
        "repo": "neovim",
        "type": "github"
      }
    },
    "nixpkgs": {
      "locked": {
        "lastModified": 1771008912,
        "narHash": "sha256-gf2AmWVTs8lEq7z/3ZAsgnZDhWIckkb+ZnAo5RzSxJg=",
        "owner": "NixOS",
        "repo": "nixpkgs",
        "rev": "a82ccc39b39b621151d6732718e3e250109076fa",
        "type": "github"
      },
      "original": {
        "owner": "NixOS",
        "ref": "nixos-unstable",
        "repo": "nixpkgs",
        "type": "github"
      }
    },
    "pre-commit-hooks": {
      "inputs": {
        "flake-compat": "flake-compat",
        "gitignore": "gitignore",
        "nixpkgs": [
          "worktrees-nvim",
          "nixpkgs"
        ]
      },
      "locked": {
        "lastModified": 1765911976,
        "narHash": "sha256-t3T/xm8zstHRLx+pIHxVpQTiySbKqcQbK+r+01XVKc0=",
        "owner": "cachix",
        "repo": "pre-commit-hooks.nix",
        "rev": "b68b780b69702a090c8bb1b973bab13756cc7a27",
        "type": "github"
      },
      "original": {
        "owner": "cachix",
        "repo": "pre-commit-hooks.nix",
        "type": "github"
      }
    },
    "root": {
      "inputs": {
        "direnv-nvim": "direnv-nvim",
        "hunk-nvim": "hunk-nvim",
        "jj-nvim": "jj-nvim",
        "lzn-auto-require": "lzn-auto-require",
        "mnw": "mnw",
        "neovim-nightly-overlay": "neovim-nightly-overlay",
        "nixpkgs": "nixpkgs",
        "worktrees-nvim": "worktrees-nvim"
      }
    },
    "worktrees-nvim": {
      "inputs": {
        "nixpkgs": [
          "nixpkgs"
        ],
        "pre-commit-hooks": "pre-commit-hooks"
      },
      "locked": {
        "lastModified": 1766266326,
        "narHash": "sha256-q3VLyCGAvVXTkrV+hMfFe0Yu+7c1T4PhKGUkhL9cIxY=",
        "owner": "ergotu",
        "repo": "worktrees.nvim",
        "rev": "49dc77298290822020de93b9c1de35781e3186c4",
        "type": "github"
      },
      "original": {
        "owner": "ergotu",
        "ref": "next",
        "repo": "worktrees.nvim",
        "type": "github"
      }
    }
  },
  "root": "root",
  "version": 7
}
