{
  "nodes": {
    "flake-parts": {
      "inputs": {
        "nixpkgs-lib": [
          "neovim-nightly-overlay",
          "nixpkgs"
        ]
      },
      "locked": {
        "lastModified": 1760948891,
        "narHash": "sha256-TmWcdiUUaWk8J4lpjzu4gCGxWY6/Ok7mOK4fIFfBuU4=",
        "owner": "hercules-ci",
        "repo": "flake-parts",
        "rev": "864599284fc7c0ba6357ed89ed5e2cd5040f0c04",
        "type": "github"
      },
      "original": {
        "owner": "hercules-ci",
        "repo": "flake-parts",
        "type": "github"
      }
    },
    "neovim-nightly-overlay": {
      "inputs": {
        "flake-parts": "flake-parts",
        "neovim-src": "neovim-src",
        "nixpkgs": "nixpkgs"
      },
      "locked": {
        "lastModified": 1761869064,
        "narHash": "sha256-rp7XnoIqjnpZD4o9i00JDGXRkfXlYKejl9HeN+MXdW8=",
        "owner": "nix-community",
        "repo": "neovim-nightly-overlay",
        "rev": "923a0d1e5e5ce35847b75a95d759f3128bc09202",
        "type": "github"
      },
      "original": {
        "owner": "nix-community",
        "repo": "neovim-nightly-overlay",
        "type": "github"
      }
    },
    "neovim-src": {
      "flake": false,
      "locked": {
        "lastModified": 1761834237,
        "narHash": "sha256-dDgCjRfZY8AWTL9BKEbXhPOb5rdNI4RlmLE+rmGNzZs=",
        "owner": "neovim",
        "repo": "neovim",
        "rev": "5ddabbeba43e519604f5e1cfacb7a1d83094097e",
        "type": "github"
      },
      "original": {
        "owner": "neovim",
        "repo": "neovim",
        "type": "github"
      }
    },
    "nixCats": {
      "locked": {
        "lastModified": 1761732732,
        "narHash": "sha256-AP3KzTaFXFLjWWXysSnVTXUaGuC3hkUQZSlxUdGsLSs=",
        "owner": "BirdeeHub",
        "repo": "nixCats-nvim",
        "rev": "6307455a6ccceadb9f873fc51d4cf7cd39bdace5",
        "type": "github"
      },
      "original": {
        "owner": "BirdeeHub",
        "repo": "nixCats-nvim",
        "type": "github"
      }
    },
    "nixpkgs": {
      "locked": {
        "lastModified": 1761656231,
        "narHash": "sha256-EiED5k6gXTWoAIS8yQqi5mAX6ojnzpHwAQTS3ykeYMg=",
        "owner": "NixOS",
        "repo": "nixpkgs",
        "rev": "e99366c665bdd53b7b500ccdc5226675cfc51f45",
        "type": "github"
      },
      "original": {
        "owner": "NixOS",
        "ref": "nixpkgs-unstable",
        "repo": "nixpkgs",
        "type": "github"
      }
    },
    "nixpkgs_2": {
      "locked": {
        "lastModified": 1761880412,
        "narHash": "sha256-QoJjGd4NstnyOG4mm4KXF+weBzA2AH/7gn1Pmpfcb0A=",
        "owner": "nixos",
        "repo": "nixpkgs",
        "rev": "a7fc11be66bdfb5cdde611ee5ce381c183da8386",
        "type": "github"
      },
      "original": {
        "owner": "nixos",
        "ref": "nixpkgs-unstable",
        "repo": "nixpkgs",
        "type": "github"
      }
    },
    "plugins-clasp-nvim": {
      "flake": false,
      "locked": {
        "lastModified": 1743021743,
        "narHash": "sha256-xHYEalIW54xrmqYaav9QgCqINu+Il7H9VuUEYadmJIE=",
        "owner": "xzbdmw",
        "repo": "clasp.nvim",
        "rev": "25442429aae1b1de0627f358740613f77ec57410",
        "type": "github"
      },
      "original": {
        "owner": "xzbdmw",
        "repo": "clasp.nvim",
        "type": "github"
      }
    },
    "plugins-direnv-nvim": {
      "flake": false,
      "locked": {
        "lastModified": 1749467049,
        "narHash": "sha256-KqO8uDbVy4sVVZ6mHikuO+SWCzWr97ZuFRC8npOPJIE=",
        "owner": "NotAShelf",
        "repo": "direnv.nvim",
        "rev": "4dfc8758a1deab45e37b7f3661e0fd3759d85788",
        "type": "github"
      },
      "original": {
        "owner": "NotAShelf",
        "repo": "direnv.nvim",
        "type": "github"
      }
    },
    "plugins-helm-ls-nvim": {
      "flake": false,
      "locked": {
        "lastModified": 1761492922,
        "narHash": "sha256-JNQ18KZWIsQ92coqaIIKiEx+5VhrLaIQvx9s/BCuFLE=",
        "owner": "qvalentin",
        "repo": "helm-ls.nvim",
        "rev": "142777b0ad47f0b007051b187602fad13f00557f",
        "type": "github"
      },
      "original": {
        "owner": "qvalentin",
        "repo": "helm-ls.nvim",
        "type": "github"
      }
    },
    "plugins-inc-rename-nvim": {
      "flake": false,
      "locked": {
        "lastModified": 1759054135,
        "narHash": "sha256-hXOOzCesxHHeRLPIKgK6KZYdv1FpT3MgLRGvxJLjxNg=",
        "owner": "smjonas",
        "repo": "inc-rename.nvim",
        "rev": "7c79416330364976955ec8059fe3832b72ee1271",
        "type": "github"
      },
      "original": {
        "owner": "smjonas",
        "repo": "inc-rename.nvim",
        "type": "github"
      }
    },
    "plugins-nvim-aider": {
      "flake": false,
      "locked": {
        "lastModified": 1761640116,
        "narHash": "sha256-LHSDfn9I+Ff83u8DZlom7fgZNwqSZ1h72y6NJq0eKTw=",
        "owner": "GeorgesAlkhouri",
        "repo": "nvim-aider",
        "rev": "c8a4f952937d54f17dc23bd378e9e3b373f502b2",
        "type": "github"
      },
      "original": {
        "owner": "GeorgesAlkhouri",
        "repo": "nvim-aider",
        "type": "github"
      }
    },
    "plugins-nvim-ansible": {
      "flake": false,
      "locked": {
        "lastModified": 1741814378,
        "narHash": "sha256-hhmhXV9qkZfjHnSBYZ05SX9QD4qBgW9Ob2k3VRfCDgs=",
        "owner": "mfussenegger",
        "repo": "nvim-ansible",
        "rev": "bba61168b7aef735e7f950fdfece5ef6c388eacf",
        "type": "github"
      },
      "original": {
        "owner": "mfussenegger",
        "repo": "nvim-ansible",
        "type": "github"
      }
    },
    "plugins-worktrees-nvim": {
      "flake": false,
      "locked": {
        "lastModified": 1742366690,
        "narHash": "sha256-zJn+/Av5+a1IZCl8A5N0T42U9ORUl4uECIf2ADVYl+I=",
        "ref": "main",
        "rev": "8b82f007e804b8681a52cf21d3705a8446d74f55",
        "revCount": 15,
        "type": "git",
        "url": "ssh://git@github.com/ergotu/worktrees.nvim.git"
      },
      "original": {
        "ref": "main",
        "type": "git",
        "url": "ssh://git@github.com/ergotu/worktrees.nvim.git"
      }
    },
    "root": {
      "inputs": {
        "neovim-nightly-overlay": "neovim-nightly-overlay",
        "nixCats": "nixCats",
        "nixpkgs": "nixpkgs_2",
        "plugins-clasp-nvim": "plugins-clasp-nvim",
        "plugins-direnv-nvim": "plugins-direnv-nvim",
        "plugins-helm-ls-nvim": "plugins-helm-ls-nvim",
        "plugins-inc-rename-nvim": "plugins-inc-rename-nvim",
        "plugins-nvim-aider": "plugins-nvim-aider",
        "plugins-nvim-ansible": "plugins-nvim-ansible",
        "plugins-worktrees-nvim": "plugins-worktrees-nvim"
      }
    }
  },
  "root": "root",
  "version": 7
}
