{
  "nodes": {
    "direnv-nvim": {
      "flake": false,
      "locked": {
        "lastModified": 1749467049,
        "narHash": "sha256-KqO8uDbVy4sVVZ6mHikuO+SWCzWr97ZuFRC8npOPJIE=",
        "owner": "NotAShelf",
        "repo": "direnv.nvim",
        "rev": "4dfc8758a1deab45e37b7f3661e0fd3759d85788",
        "type": "github"
      },
      "original": {
        "owner": "NotAShelf",
        "repo": "direnv.nvim",
        "type": "github"
      }
    },
    "flake-compat": {
      "flake": false,
      "locked": {
        "lastModified": 1761588595,
        "narHash": "sha256-XKUZz9zewJNUj46b4AJdiRZJAvSZ0Dqj2BNfXvFlJC4=",
        "owner": "edolstra",
        "repo": "flake-compat",
        "rev": "f387cd2afec9419c8ee37694406ca490c3f34ee5",
        "type": "github"
      },
      "original": {
        "owner": "edolstra",
        "repo": "flake-compat",
        "type": "github"
      }
    },
    "flake-parts": {
      "inputs": {
        "nixpkgs-lib": [
          "neovim-nightly-overlay",
          "nixpkgs"
        ]
      },
      "locked": {
        "lastModified": 1765835352,
        "narHash": "sha256-XswHlK/Qtjasvhd1nOa1e8MgZ8GS//jBoTqWtrS1Giw=",
        "owner": "hercules-ci",
        "repo": "flake-parts",
        "rev": "a34fae9c08a15ad73f295041fec82323541400a9",
        "type": "github"
      },
      "original": {
        "owner": "hercules-ci",
        "repo": "flake-parts",
        "type": "github"
      }
    },
    "gitignore": {
      "inputs": {
        "nixpkgs": [
          "worktrees-nvim",
          "pre-commit-hooks",
          "nixpkgs"
        ]
      },
      "locked": {
        "lastModified": 1709087332,
        "narHash": "sha256-HG2cCnktfHsKV0s4XW83gU3F57gaTljL9KNSuG6bnQs=",
        "owner": "hercules-ci",
        "repo": "gitignore.nix",
        "rev": "637db329424fd7e46cf4185293b9cc8c88c95394",
        "type": "github"
      },
      "original": {
        "owner": "hercules-ci",
        "repo": "gitignore.nix",
        "type": "github"
      }
    },
    "hunk-nvim": {
      "flake": false,
      "locked": {
        "lastModified": 1763143018,
        "narHash": "sha256-GvqD9IggdhZUCzm1BF2yz215AYpJujfOtrJPye4M1O0=",
        "owner": "julienvincent",
        "repo": "hunk.nvim",
        "rev": "029566b4414f79508e6763a80ab6c7eda4a6dd97",
        "type": "github"
      },
      "original": {
        "owner": "julienvincent",
        "repo": "hunk.nvim",
        "type": "github"
      }
    },
    "jj-nvim": {
      "flake": false,
      "locked": {
        "lastModified": 1769364906,
        "narHash": "sha256-N1f9Gjmbev11F7Cp60zYodY/NkZXJQreVbnsiY9mfOg=",
        "owner": "nicolasgb",
        "repo": "jj.nvim",
        "rev": "463fd0876aa2e3e991d2453e24557aa956d974d9",
        "type": "github"
      },
      "original": {
        "owner": "nicolasgb",
        "repo": "jj.nvim",
        "type": "github"
      }
    },
    "lzn-auto-require": {
      "flake": false,
      "locked": {
        "lastModified": 1731009353,
        "narHash": "sha256-KC1z+zC9vKODllZVpBu+udzM12oYJaS8e6LdXWtQ89U=",
        "owner": "horriblename",
        "repo": "lzn-auto-require",
        "rev": "ef746afb55467984ef3200d9709c8059ee0257d0",
        "type": "github"
      },
      "original": {
        "owner": "horriblename",
        "repo": "lzn-auto-require",
        "type": "github"
      }
    },
    "mnw": {
      "locked": {
        "lastModified": 1764066817,
        "narHash": "sha256-iQ45IBZXKgMpV9x6RxZfGm6hzRzfVpKo7gWV0VHLmlE=",
        "owner": "Gerg-L",
        "repo": "mnw",
        "rev": "68a22f62ca7623fcb700d4ebf225bd91125c773e",
        "type": "github"
      },
      "original": {
        "owner": "Gerg-L",
        "repo": "mnw",
        "type": "github"
      }
    },
    "neovim-nightly-overlay": {
      "inputs": {
        "flake-parts": "flake-parts",
        "neovim-src": "neovim-src",
        "nixpkgs": [
          "nixpkgs"
        ]
      },
      "locked": {
        "lastModified": 1765929915,
        "narHash": "sha256-KLRbc1VlWcCmKPuRdtQyJ/upfz/KDhk/v5hKX+ZTfoc=",
        "owner": "nix-community",
        "repo": "neovim-nightly-overlay",
        "rev": "e37af4acb335d7b071c16419ebec7d0bcbb456a7",
        "type": "github"
      },
      "original": {
        "owner": "nix-community",
        "repo": "neovim-nightly-overlay",
        "type": "github"
      }
    },
    "neovim-src": {
      "flake": false,
      "locked": {
        "lastModified": 1765926728,
        "narHash": "sha256-5ftuaBXNcc5psnqLbe2fa9HCwgZL+y5gaRuLw+nVtW4=",
        "owner": "neovim",
        "repo": "neovim",
        "rev": "5c22feac06aeb85ef3e17d6780478dd5e9a7c85d",
        "type": "github"
      },
      "original": {
        "owner": "neovim",
        "repo": "neovim",
        "type": "github"
      }
    },
    "nixpkgs": {
      "locked": {
        "lastModified": 1764517877,
        "narHash": "sha256-pp3uT4hHijIC8JUK5MEqeAWmParJrgBVzHLNfJDZxg4=",
        "owner": "NixOS",
        "repo": "nixpkgs",
        "rev": "2d293cbfa5a793b4c50d17c05ef9e385b90edf6c",
        "type": "github"
      },
      "original": {
        "owner": "NixOS",
        "ref": "nixos-unstable",
        "repo": "nixpkgs",
        "type": "github"
      }
    },
    "pre-commit-hooks": {
      "inputs": {
        "flake-compat": "flake-compat",
        "gitignore": "gitignore",
        "nixpkgs": [
          "worktrees-nvim",
          "nixpkgs"
        ]
      },
      "locked": {
        "lastModified": 1765911976,
        "narHash": "sha256-t3T/xm8zstHRLx+pIHxVpQTiySbKqcQbK+r+01XVKc0=",
        "owner": "cachix",
        "repo": "pre-commit-hooks.nix",
        "rev": "b68b780b69702a090c8bb1b973bab13756cc7a27",
        "type": "github"
      },
      "original": {
        "owner": "cachix",
        "repo": "pre-commit-hooks.nix",
        "type": "github"
      }
    },
    "root": {
      "inputs": {
        "direnv-nvim": "direnv-nvim",
        "hunk-nvim": "hunk-nvim",
        "jj-nvim": "jj-nvim",
        "lzn-auto-require": "lzn-auto-require",
        "mnw": "mnw",
        "neovim-nightly-overlay": "neovim-nightly-overlay",
        "nixpkgs": "nixpkgs",
        "worktrees-nvim": "worktrees-nvim"
      }
    },
    "worktrees-nvim": {
      "inputs": {
        "nixpkgs": [
          "nixpkgs"
        ],
        "pre-commit-hooks": "pre-commit-hooks"
      },
      "locked": {
        "lastModified": 1766012058,
        "narHash": "sha256-EUL1UqWeagk+v4jK7W2mz7rCtqZlu7MYtadoCSplp7c=",
        "owner": "ergotu",
        "repo": "worktrees.nvim",
        "rev": "c05c4ddcdee0ea41320e11e36d99c71f86f6272a",
        "type": "github"
      },
      "original": {
        "owner": "ergotu",
        "ref": "next",
        "repo": "worktrees.nvim",
        "type": "github"
      }
    }
  },
  "root": "root",
  "version": 7
}
